
Microsoft Visual Studio Solution File, Format Version 12.00
# Visual Studio Version 17
VisualStudioVersion = 17.6.33815.320
MinimumVisualStudioVersion = 10.0.40219.1
Project("{FAE04EC0-301F-11D3-BF4B-00C04F79EFBC}") = "CMS_Web", "CMS_Web\CMS_Web.csproj", "{250B8AAE-9237-4539-ABC0-1D2449668D52}"
EndProject
Project("{FAE04EC0-301F-11D3-BF4B-00C04F79EFBC}") = "CMS_Infrastructure", "CMS_Infrastructure\CMS_Infrastructure.csproj", "{253075F3-C6CB-46CD-AA44-1DF7039FD019}"
EndProject
Project("{FAE04EC0-301F-11D3-BF4B-00C04F79EFBC}") = "CMS_WebDesignCore", "CMS_WebDesignCore\CMS_WebDesignCore.csproj", "{A5365FDE-0EA7-4A24-A395-9D9FD44C2A7B}"
EndProject
Global
	GlobalSection(SolutionConfigurationPlatforms) = preSolution
		Debug|Any CPU = Debug|Any CPU
		Release|Any CPU = Release|Any CPU
	EndGlobalSection
	GlobalSection(ProjectConfigurationPlatforms) = postSolution
		{250B8AAE-9237-4539-ABC0-1D2449668D52}.Debug|Any CPU.ActiveCfg = Debug|Any CPU
		{250B8AAE-9237-4539-ABC0-1D2449668D52}.Debug|Any CPU.Build.0 = Debug|Any CPU
		{250B8AAE-9237-4539-ABC0-1D2449668D52}.Release|Any CPU.ActiveCfg = Release|Any CPU
		{250B8AAE-9237-4539-ABC0-1D2449668D52}.Release|Any CPU.Build.0 = Release|Any CPU
		{253075F3-C6CB-46CD-AA44-1DF7039FD019}.Debug|Any CPU.ActiveCfg = Debug|Any CPU
		{253075F3-C6CB-46CD-AA44-1DF7039FD019}.Debug|Any CPU.Build.0 = Debug|Any CPU
		{253075F3-C6CB-46CD-AA44-1DF7039FD019}.Release|Any CPU.ActiveCfg = Release|Any CPU
		{253075F3-C6CB-46CD-AA44-1DF7039FD019}.Release|Any CPU.Build.0 = Release|Any CPU
		{A5365FDE-0EA7-4A24-A395-9D9FD44C2A7B}.Debug|Any CPU.ActiveCfg = Debug|Any CPU
		{A5365FDE-0EA7-4A24-A395-9D9FD44C2A7B}.Debug|Any CPU.Build.0 = Debug|Any CPU
		{A5365FDE-0EA7-4A24-A395-9D9FD44C2A7B}.Release|Any CPU.ActiveCfg = Release|Any CPU
		{A5365FDE-0EA7-4A24-A395-9D9FD44C2A7B}.Release|Any CPU.Build.0 = Release|Any CPU
	EndGlobalSection
	GlobalSection(SolutionProperties) = preSolution
		HideSolutionNode = FALSE
	EndGlobalSection
	GlobalSection(ExtensibilityGlobals) = postSolution
		SolutionGuid = {8D676FDA-2EF8-4125-8A15-CC80880F2AA3}
	EndGlobalSection
EndGlobal
