
Microsoft Visual Studio Solution File, Format Version 12.00
# Visual Studio Version 17
VisualStudioVersion = 17.6.33723.286
MinimumVisualStudioVersion = 10.0.40219.1
Project("{FAE04EC0-301F-11D3-BF4B-00C04F79EFBC}") = "CMS_Infrastructure", "CMS_Infrastructure\CMS_Infrastructure.csproj", "{0AC48D40-1416-4886-B6D1-968E94B7A810}"
EndProject
Project("{FAE04EC0-301F-11D3-BF4B-00C04F79EFBC}") = "CMS_WebDesignCore", "CMS_WebDesignCore\CMS_WebDesignCore.csproj", "{C87D0EEB-9F1B-43AA-905B-E0B93FDB33EB}"
EndProject
Project("{FAE04EC0-301F-11D3-BF4B-00C04F79EFBC}") = "DJ_UploadFile", "DJ_UploadFile\DJ_UploadFile.csproj", "{9C21F109-F752-41FE-9B78-86FA268C6C2E}"
EndProject
Project("{FAE04EC0-301F-11D3-BF4B-00C04F79EFBC}") = "CMS_Web", "CMS_Web\CMS_Web.csproj", "{915E4E04-4DCC-4DD3-8ADB-4BACCAE93166}"
EndProject
Global
	GlobalSection(SolutionConfigurationPlatforms) = preSolution
		Debug|Any CPU = Debug|Any CPU
		Release|Any CPU = Release|Any CPU
	EndGlobalSection
	GlobalSection(ProjectConfigurationPlatforms) = postSolution
		{0AC48D40-1416-4886-B6D1-968E94B7A810}.Debug|Any CPU.ActiveCfg = Debug|Any CPU
		{0AC48D40-1416-4886-B6D1-968E94B7A810}.Debug|Any CPU.Build.0 = Debug|Any CPU
		{0AC48D40-1416-4886-B6D1-968E94B7A810}.Release|Any CPU.ActiveCfg = Release|Any CPU
		{0AC48D40-1416-4886-B6D1-968E94B7A810}.Release|Any CPU.Build.0 = Release|Any CPU
		{C87D0EEB-9F1B-43AA-905B-E0B93FDB33EB}.Debug|Any CPU.ActiveCfg = Debug|Any CPU
		{C87D0EEB-9F1B-43AA-905B-E0B93FDB33EB}.Debug|Any CPU.Build.0 = Debug|Any CPU
		{C87D0EEB-9F1B-43AA-905B-E0B93FDB33EB}.Release|Any CPU.ActiveCfg = Release|Any CPU
		{C87D0EEB-9F1B-43AA-905B-E0B93FDB33EB}.Release|Any CPU.Build.0 = Release|Any CPU
		{9C21F109-F752-41FE-9B78-86FA268C6C2E}.Debug|Any CPU.ActiveCfg = Debug|Any CPU
		{9C21F109-F752-41FE-9B78-86FA268C6C2E}.Debug|Any CPU.Build.0 = Debug|Any CPU
		{9C21F109-F752-41FE-9B78-86FA268C6C2E}.Release|Any CPU.ActiveCfg = Release|Any CPU
		{9C21F109-F752-41FE-9B78-86FA268C6C2E}.Release|Any CPU.Build.0 = Release|Any CPU
		{915E4E04-4DCC-4DD3-8ADB-4BACCAE93166}.Debug|Any CPU.ActiveCfg = Debug|Any CPU
		{915E4E04-4DCC-4DD3-8ADB-4BACCAE93166}.Debug|Any CPU.Build.0 = Debug|Any CPU
		{915E4E04-4DCC-4DD3-8ADB-4BACCAE93166}.Release|Any CPU.ActiveCfg = Release|Any CPU
		{915E4E04-4DCC-4DD3-8ADB-4BACCAE93166}.Release|Any CPU.Build.0 = Release|Any CPU
	EndGlobalSection
	GlobalSection(SolutionProperties) = preSolution
		HideSolutionNode = FALSE
	EndGlobalSection
	GlobalSection(ExtensibilityGlobals) = postSolution
		SolutionGuid = {8484F158-740D-44A6-8630-AB6B87F911D7}
	EndGlobalSection
EndGlobal
